{
  "name": "phanluvy_501230123",
  "version": "1.0.0",
  "lockfileVersion": 3,
  "requires": true,
  "packages": {
    "": {
      "name": "phanluvy_501230123",
      "version": "1.0.0",
      "license": "ISC",
      "dependencies": {
        "amplitudejs": "^5.3.2"
      }
    },
    "node_modules/amplitudejs": {
      "version": "5.3.2",
      "resolved": "https://registry.npmjs.org/amplitudejs/-/amplitudejs-5.3.2.tgz",
      "integrity": "sha512-aRZqYMzRuZQ0Ua3ZtK5CTECE958meBfwzXZcx2Hn1itu2KwIB8giwsAPW52um0teewYBXZ5aTzy/wxy3E34e0g==",
      "license": "MIT",
      "funding": {
        "type": "opencollective",
        "url": "https://opencollective.com/amplitudejs"
      }
    }
  }
}
